
Microsoft Visual Studio Solution File, Format Version 12.00
# Visual Studio Version 16
VisualStudioVersion = 16.0.31624.102
MinimumVisualStudioVersion = 10.0.40219.1
Project("{8BC9CEB8-8B4A-11D0-8D11-00A0C91BC942}") = "Window", "Window\Window.vcxproj", "{9542D9CC-498A-4884-89F1-D72CCECB4E92}"
	ProjectSection(ProjectDependencies) = postProject
		{5E25C2BC-6F58-4B93-B6D6-7BD5F6B46CEB} = {5E25C2BC-6F58-4B93-B6D6-7BD5F6B46CEB}
	EndProjectSection
EndProject
Project("{8BC9CEB8-8B4A-11D0-8D11-00A0C91BC942}") = "MemoryChangingLib", "..\MemoryChangingLib\MemoryChangingLib.vcxproj", "{5E25C2BC-6F58-4B93-B6D6-7BD5F6B46CEB}"
EndProject
Project("{8BC9CEB8-8B4A-11D0-8D11-00A0C91BC942}") = "ApplicationForTesting", "..\ApplicationForTesting\ApplicationForTesting.vcxproj", "{CFCA0EB0-D3DC-41E0-B691-01D64F7EF51F}"
EndProject
Global
	GlobalSection(SolutionConfigurationPlatforms) = preSolution
		Debug|x64 = Debug|x64
		Debug|x86 = Debug|x86
		Release|x64 = Release|x64
		Release|x86 = Release|x86
	EndGlobalSection
	GlobalSection(ProjectConfigurationPlatforms) = postSolution
		{9542D9CC-498A-4884-89F1-D72CCECB4E92}.Debug|x64.ActiveCfg = Debug|x64
		{9542D9CC-498A-4884-89F1-D72CCECB4E92}.Debug|x64.Build.0 = Debug|x64
		{9542D9CC-498A-4884-89F1-D72CCECB4E92}.Debug|x86.ActiveCfg = Debug|Win32
		{9542D9CC-498A-4884-89F1-D72CCECB4E92}.Debug|x86.Build.0 = Debug|Win32
		{9542D9CC-498A-4884-89F1-D72CCECB4E92}.Release|x64.ActiveCfg = Release|x64
		{9542D9CC-498A-4884-89F1-D72CCECB4E92}.Release|x64.Build.0 = Release|x64
		{9542D9CC-498A-4884-89F1-D72CCECB4E92}.Release|x86.ActiveCfg = Release|Win32
		{9542D9CC-498A-4884-89F1-D72CCECB4E92}.Release|x86.Build.0 = Release|Win32
		{5E25C2BC-6F58-4B93-B6D6-7BD5F6B46CEB}.Debug|x64.ActiveCfg = Debug|x64
		{5E25C2BC-6F58-4B93-B6D6-7BD5F6B46CEB}.Debug|x64.Build.0 = Debug|x64
		{5E25C2BC-6F58-4B93-B6D6-7BD5F6B46CEB}.Debug|x86.ActiveCfg = Debug|Win32
		{5E25C2BC-6F58-4B93-B6D6-7BD5F6B46CEB}.Debug|x86.Build.0 = Debug|Win32
		{5E25C2BC-6F58-4B93-B6D6-7BD5F6B46CEB}.Release|x64.ActiveCfg = Release|x64
		{5E25C2BC-6F58-4B93-B6D6-7BD5F6B46CEB}.Release|x64.Build.0 = Release|x64
		{5E25C2BC-6F58-4B93-B6D6-7BD5F6B46CEB}.Release|x86.ActiveCfg = Release|Win32
		{5E25C2BC-6F58-4B93-B6D6-7BD5F6B46CEB}.Release|x86.Build.0 = Release|Win32
		{CFCA0EB0-D3DC-41E0-B691-01D64F7EF51F}.Debug|x64.ActiveCfg = Debug|x64
		{CFCA0EB0-D3DC-41E0-B691-01D64F7EF51F}.Debug|x64.Build.0 = Debug|x64
		{CFCA0EB0-D3DC-41E0-B691-01D64F7EF51F}.Debug|x86.ActiveCfg = Debug|Win32
		{CFCA0EB0-D3DC-41E0-B691-01D64F7EF51F}.Debug|x86.Build.0 = Debug|Win32
		{CFCA0EB0-D3DC-41E0-B691-01D64F7EF51F}.Release|x64.ActiveCfg = Release|x64
		{CFCA0EB0-D3DC-41E0-B691-01D64F7EF51F}.Release|x64.Build.0 = Release|x64
		{CFCA0EB0-D3DC-41E0-B691-01D64F7EF51F}.Release|x86.ActiveCfg = Release|Win32
		{CFCA0EB0-D3DC-41E0-B691-01D64F7EF51F}.Release|x86.Build.0 = Release|Win32
	EndGlobalSection
	GlobalSection(SolutionProperties) = preSolution
		HideSolutionNode = FALSE
	EndGlobalSection
	GlobalSection(ExtensibilityGlobals) = postSolution
		SolutionGuid = {830327A5-9963-49FF-80AF-5DDE4C7B3C91}
	EndGlobalSection
EndGlobal
